{
  "version": 4,
  "terraform_version": "1.9.5",
  "serial": 42,
  "lineage": "3f2c9a4e-8b1d-4c6a-9e7f-5a0b2c3d4e5f",
  "outputs": {
    "network_self_link": {
      "value": "https://www.googleapis.com/compute/v1/projects/fictitious-project/global/networks/app-vpc",
      "type": "string"
    },
    "instance_ips": {
      "value": ["10.10.0.2", "10.10.0.3", "10.10.0.4"],
      "type": ["tuple", ["string", "string", "string"]]
    },
    "bucket_url": {
      "value": "gs://fictitious-project-artifacts",
      "type": "string"
    }
  },
  "resources": [
    {
      "mode": "managed",
      "type": "google_compute_network",
      "name": "app_vpc",
      "provider": "provider[\"registry.terraform.io/hashicorp/google\"]",
      "instances": [
        {
          "schema_version": 0,
          "attributes": {
            "auto_create_subnetworks": false,
            "delete_default_routes_on_create": false,
            "description": "Application VPC for the fictitious environment",
            "gateway_ipv4": "",
            "id": "projects/fictitious-project/global/networks/app-vpc",
            "mtu": 1460,
            "name": "app-vpc",
            "project": "fictitious-project",
            "routing_mode": "REGIONAL",
            "self_link": "https://www.googleapis.com/compute/v1/projects/fictitious-project/global/networks/app-vpc"
          },
          "sensitive_attributes": [],
          "private": "eyJzY2hlbWFfdmVyc2lvbiI6IjAifQ=="
        }
      ]
    },
    {
      "mode": "managed",
      "type": "google_compute_subnetwork",
      "name": "app_subnet",
      "provider": "provider[\"registry.terraform.io/hashicorp/google\"]",
      "instances": [
        {
          "schema_version": 0,
          "attributes": {
            "id": "projects/fictitious-project/regions/us-central1/subnetworks/app-subnet",
            "ip_cidr_range": "10.10.0.0/24",
            "name": "app-subnet",
            "network": "https://www.googleapis.com/compute/v1/projects/fictitious-project/global/networks/app-vpc",
            "private_ip_google_access": true,
            "project": "fictitious-project",
            "purpose": "PRIVATE",
            "region": "us-central1",
            "secondary_ip_range": [
              {
                "ip_cidr_range": "10.20.0.0/20",
                "range_name": "pods"
              },
              {
                "ip_cidr_range": "10.30.0.0/24",
                "range_name": "services"
              }
            ],
            "self_link": "https://www.googleapis.com/compute/v1/projects/fictitious-project/regions/us-central1/subnetworks/app-subnet",
            "stack_type": "IPV4_ONLY"
          },
          "sensitive_attributes": [],
          "dependencies": [
            "google_compute_network.app_vpc"
          ]
        }
      ]
    },
    {
      "mode": "managed",
      "type": "google_compute_instance",
      "name": "app_server",
      "each": "list",
      "provider": "provider[\"registry.terraform.io/hashicorp/google\"]",
      "instances": [
        {
          "index_key": 0,
          "schema_version": 6,
          "attributes": {
            "boot_disk": [
              {
                "auto_delete": true,
                "device_name": "persistent-disk-0",
                "initialize_params": [
                  {
                    "image": "https://www.googleapis.com/compute/v1/projects/debian-cloud/global/images/debian-12-bookworm-v20260801",
                    "size": 20,
                    "type": "pd-balanced"
                  }
                ]
              }
            ],
            "id": "projects/fictitious-project/zones/us-central1-a/instances/app-server-0",
            "labels": {
              "environment": "staging",
              "managed_by": "terraform",
              "team": "platform"
            },
            "machine_type": "e2-standard-2",
            "name": "app-server-0",
            "network_interface": [
              {
                "network": "https://www.googleapis.com/compute/v1/projects/fictitious-project/global/networks/app-vpc",
                "network_ip": "10.10.0.2",
                "subnetwork": "https://www.googleapis.com/compute/v1/projects/fictitious-project/regions/us-central1/subnetworks/app-subnet"
              }
            ],
            "project": "fictitious-project",
            "scheduling": [
              {
                "automatic_restart": true,
                "on_host_maintenance": "MIGRATE",
                "preemptible": false
              }
            ],
            "zone": "us-central1-a"
          },
          "sensitive_attributes": [],
          "dependencies": [
            "google_compute_network.app_vpc",
            "google_compute_subnetwork.app_subnet"
          ]
        },
        {
          "index_key": 1,
          "schema_version": 6,
          "attributes": {
            "boot_disk": [
              {
                "auto_delete": true,
                "device_name": "persistent-disk-0",
                "initialize_params": [
                  {
                    "image": "https://www.googleapis.com/compute/v1/projects/debian-cloud/global/images/debian-12-bookworm-v20260801",
                    "size": 20,
                    "type": "pd-balanced"
                  }
                ]
              }
            ],
            "id": "projects/fictitious-project/zones/us-central1-b/instances/app-server-1",
            "labels": {
              "environment": "staging",
              "managed_by": "terraform",
              "team": "platform"
            },
            "machine_type": "e2-standard-2",
            "name": "app-server-1",
            "network_interface": [
              {
                "network": "https://www.googleapis.com/compute/v1/projects/fictitious-project/global/networks/app-vpc",
                "network_ip": "10.10.0.3",
                "subnetwork": "https://www.googleapis.com/compute/v1/projects/fictitious-project/regions/us-central1/subnetworks/app-subnet"
              }
            ],
            "project": "fictitious-project",
            "scheduling": [
              {
                "automatic_restart": true,
                "on_host_maintenance": "MIGRATE",
                "preemptible": false
              }
            ],
            "zone": "us-central1-b"
          },
          "sensitive_attributes": [],
          "dependencies": [
            "google_compute_network.app_vpc",
            "google_compute_subnetwork.app_subnet"
          ]
        }
      ]
    },
    {
      "mode": "managed",
      "type": "google_storage_bucket",
      "name": "artifacts",
      "provider": "provider[\"registry.terraform.io/hashicorp/google\"]",
      "instances": [
        {
          "schema_version": 3,
          "attributes": {
            "force_destroy": false,
            "id": "fictitious-project-artifacts",
            "labels": {
              "environment": "staging",
              "managed_by": "terraform"
            },
            "lifecycle_rule": [
              {
                "action": [
                  {
                    "storage_class": "NEARLINE",
                    "type": "SetStorageClass"
                  }
                ],
                "condition": [
                  {
                    "age": 30,
                    "with_state": "LIVE"
                  }
                ]
              }
            ],
            "location": "US",
            "name": "fictitious-project-artifacts",
            "project": "fictitious-project",
            "public_access_prevention": "enforced",
            "storage_class": "STANDARD",
            "uniform_bucket_level_access": true,
            "url": "gs://fictitious-project-artifacts",
            "versioning": [
              {
                "enabled": true
              }
            ]
          },
          "sensitive_attributes": []
        }
      ]
    },
    {
      "mode": "data",
      "type": "google_project",
      "name": "current",
      "provider": "provider[\"registry.terraform.io/hashicorp/google\"]",
      "instances": [
        {
          "schema_version": 0,
          "attributes": {
            "auto_create_network": null,
            "billing_account": "000000-AAAAAA-111111",
            "folder_id": null,
            "id": "projects/fictitious-project",
            "labels": {},
            "name": "Fictitious Project",
            "number": "123456789012",
            "org_id": "987654321098",
            "project_id": "fictitious-project"
          },
          "sensitive_attributes": []
        }
      ]
    }
  ],
  "check_results": null
}
